{
    "version": 3,
    "terraform_version": "0.10.0",
    "serial": 25,
    "lineage": "bde1353d-04e4-438d-8dc0-f2566dc78f47",
    "modules": [
        {
            "path": [
                "root"
            ],
            "outputs": {
                "ip": {
                    "sensitive": false,
                    "type": "string",
                    "value": "34.226.12.95"
                }
            },
            "resources": {
                "aws_eip.ip": {
                    "type": "aws_eip",
                    "depends_on": [
                        "aws_instance.example"
                    ],
                    "primary": {
                        "id": "eipalloc-e3d9afd0",
                        "attributes": {
                            "association_id": "eipassoc-1ca83c29",
                            "domain": "vpc",
                            "id": "eipalloc-e3d9afd0",
                            "instance": "i-0412ced50bc5abd15",
                            "network_interface": "eni-cd815018",
                            "private_ip": "172.31.4.220",
                            "public_ip": "34.226.12.95",
                            "vpc": "true"
                        },
                        "meta": {},
                        "tainted": false
                    },
                    "deposed": [],
                    "provider": ""
                },
                "aws_instance.example": {
                    "type": "aws_instance",
                    "depends_on": [
                        "aws_security_group.allow_ssh"
                    ],
                    "primary": {
                        "id": "i-0412ced50bc5abd15",
                        "attributes": {
                            "ami": "ami-b374d5a5",
                            "associate_public_ip_address": "true",
                            "availability_zone": "us-east-1b",
                            "disable_api_termination": "false",
                            "ebs_block_device.#": "0",
                            "ebs_optimized": "false",
                            "ephemeral_block_device.#": "0",
                            "iam_instance_profile": "",
                            "id": "i-0412ced50bc5abd15",
                            "instance_state": "running",
                            "instance_type": "t2.micro",
                            "ipv6_addresses.#": "0",
                            "key_name": "Security",
                            "monitoring": "false",
                            "network_interface.#": "0",
                            "network_interface_id": "eni-cd815018",
                            "primary_network_interface_id": "eni-cd815018",
                            "private_dns": "ip-172-31-4-220.ec2.internal",
                            "private_ip": "172.31.4.220",
                            "public_dns": "ec2-34-226-12-95.compute-1.amazonaws.com",
                            "public_ip": "34.226.12.95",
                            "root_block_device.#": "1",
                            "root_block_device.0.delete_on_termination": "true",
                            "root_block_device.0.iops": "100",
                            "root_block_device.0.volume_size": "8",
                            "root_block_device.0.volume_type": "gp2",
                            "security_groups.#": "1",
                            "security_groups.1454479838": "allow_ssh",
                            "source_dest_check": "true",
                            "subnet_id": "subnet-8eb1e8f8",
                            "tags.%": "1",
                            "tags.Name": "terraforming",
                            "tenancy": "default",
                            "volume_tags.%": "0",
                            "vpc_security_group_ids.#": "0"
                        },
                        "meta": {
                            "e2bfb730-ecaa-11e6-8f88-34363bc7c4c0": {
                                "create": 600000000000,
                                "delete": 600000000000,
                                "update": 600000000000
                            },
                            "schema_version": "1"
                        },
                        "tainted": false
                    },
                    "deposed": [],
                    "provider": ""
                },
                "aws_security_group.allow_ssh": {
                    "type": "aws_security_group",
                    "depends_on": [],
                    "primary": {
                        "id": "sg-48bf4b38",
                        "attributes": {
                            "description": "allow ssh",
                            "egress.#": "0",
                            "id": "sg-48bf4b38",
                            "ingress.#": "1",
                            "ingress.2541437006.cidr_blocks.#": "1",
                            "ingress.2541437006.cidr_blocks.0": "0.0.0.0/0",
                            "ingress.2541437006.from_port": "22",
                            "ingress.2541437006.ipv6_cidr_blocks.#": "0",
                            "ingress.2541437006.protocol": "tcp",
                            "ingress.2541437006.security_groups.#": "0",
                            "ingress.2541437006.self": "false",
                            "ingress.2541437006.to_port": "22",
                            "name": "allow_ssh",
                            "owner_id": "911668408184",
                            "tags.%": "1",
                            "tags.Name": "allow_ssh",
                            "vpc_id": "vpc-ef804588"
                        },
                        "meta": {},
                        "tainted": false
                    },
                    "deposed": [],
                    "provider": ""
                }
            },
            "depends_on": []
        }
    ]
}
